
Microsoft Visual Studio Solution File, Format Version 12.00
# Visual Studio Version 17
VisualStudioVersion = 17.3.32811.315
MinimumVisualStudioVersion = 10.0.40219.1
Project("{FAE04EC0-301F-11D3-BF4B-00C04F79EFBC}") = "SalamAir.Api", "SalamAir.TestApi\SalamAir.Api.csproj", "{3BC5E235-9370-4425-9838-8A4B45328236}"
EndProject
Project("{FAE04EC0-301F-11D3-BF4B-00C04F79EFBC}") = "SalamAir.Data", "SalamAir.Data\SalamAir.Data.csproj", "{0F92E837-B9F4-4BF5-B727-2BB852ED1C9D}"
EndProject
Project("{FAE04EC0-301F-11D3-BF4B-00C04F79EFBC}") = "SalamAir.Domain", "SalamAir.Domain\SalamAir.Domain.csproj", "{3102BAF2-5814-4E98-9F34-E117347754C1}"
EndProject
Global
	GlobalSection(SolutionConfigurationPlatforms) = preSolution
		Debug|Any CPU = Debug|Any CPU
		Release|Any CPU = Release|Any CPU
	EndGlobalSection
	GlobalSection(ProjectConfigurationPlatforms) = postSolution
		{3BC5E235-9370-4425-9838-8A4B45328236}.Debug|Any CPU.ActiveCfg = Debug|Any CPU
		{3BC5E235-9370-4425-9838-8A4B45328236}.Debug|Any CPU.Build.0 = Debug|Any CPU
		{3BC5E235-9370-4425-9838-8A4B45328236}.Release|Any CPU.ActiveCfg = Release|Any CPU
		{3BC5E235-9370-4425-9838-8A4B45328236}.Release|Any CPU.Build.0 = Release|Any CPU
		{0F92E837-B9F4-4BF5-B727-2BB852ED1C9D}.Debug|Any CPU.ActiveCfg = Debug|Any CPU
		{0F92E837-B9F4-4BF5-B727-2BB852ED1C9D}.Debug|Any CPU.Build.0 = Debug|Any CPU
		{0F92E837-B9F4-4BF5-B727-2BB852ED1C9D}.Release|Any CPU.ActiveCfg = Release|Any CPU
		{0F92E837-B9F4-4BF5-B727-2BB852ED1C9D}.Release|Any CPU.Build.0 = Release|Any CPU
		{3102BAF2-5814-4E98-9F34-E117347754C1}.Debug|Any CPU.ActiveCfg = Debug|Any CPU
		{3102BAF2-5814-4E98-9F34-E117347754C1}.Debug|Any CPU.Build.0 = Debug|Any CPU
		{3102BAF2-5814-4E98-9F34-E117347754C1}.Release|Any CPU.ActiveCfg = Release|Any CPU
		{3102BAF2-5814-4E98-9F34-E117347754C1}.Release|Any CPU.Build.0 = Release|Any CPU
	EndGlobalSection
	GlobalSection(SolutionProperties) = preSolution
		HideSolutionNode = FALSE
	EndGlobalSection
	GlobalSection(ExtensibilityGlobals) = postSolution
		SolutionGuid = {C437A03A-E963-4E8D-B9D4-E8BD890D9A7B}
	EndGlobalSection
EndGlobal
